
Microsoft Visual Studio Solution File, Format Version 12.00
# Visual Studio Version 17
VisualStudioVersion = 17.10.35013.160
MinimumVisualStudioVersion = 10.0.40219.1
Project("{FAE04EC0-301F-11D3-BF4B-00C04F79EFBC}") = "DiscordSpecialBot", "DiscordSpecialBot\DiscordSpecialBot.csproj", "{622DA6E6-E87F-4E22-A309-16853D76E4FD}"
EndProject
Global
	GlobalSection(SolutionConfigurationPlatforms) = preSolution
		Debug|Any CPU = Debug|Any CPU
		Release|Any CPU = Release|Any CPU
	EndGlobalSection
	GlobalSection(ProjectConfigurationPlatforms) = postSolution
		{622DA6E6-E87F-4E22-A309-16853D76E4FD}.Debug|Any CPU.ActiveCfg = Debug|Any CPU
		{622DA6E6-E87F-4E22-A309-16853D76E4FD}.Debug|Any CPU.Build.0 = Debug|Any CPU
		{622DA6E6-E87F-4E22-A309-16853D76E4FD}.Release|Any CPU.ActiveCfg = Release|Any CPU
		{622DA6E6-E87F-4E22-A309-16853D76E4FD}.Release|Any CPU.Build.0 = Release|Any CPU
	EndGlobalSection
	GlobalSection(SolutionProperties) = preSolution
		HideSolutionNode = FALSE
	EndGlobalSection
	GlobalSection(ExtensibilityGlobals) = postSolution
		SolutionGuid = {9280A4F4-C384-462F-A01F-BEC4DEE8BB68}
	EndGlobalSection
EndGlobal
